#MicroXplorer Configuration settings - do not modify
Mcu.Family=STM32F1
ProjectManager.MainLocation=Core/Src
RCC.MCOFreq_Value=64000000
NVIC.CAN1_RX1_IRQn=true\:5\:0\:false\:false\:true\:true\:true\:true
ProjectManager.ProjectFileName=mOhmMeter.ioc
FREERTOS.Tasks01=eventDispatcher,0,128,startEventDispatcherTask,Default,NULL,Dynamic,NULL,NULL
PB9.GPIO_Label=SPI1_NSS
ProjectManager.KeepUserCode=true
Mcu.UserName=STM32F103R8Tx
Mcu.PinsNb=14
SPI1.VirtualType=VM_MASTER
ProjectManager.NoMain=false
SPI1.IPParameters=VirtualType,Mode,Direction,CalculateBaudRate,BaudRatePrescaler,CLKPhase,CLKPolarity
CAN.CalculateBaudRate=444444
NVIC.SavedSvcallIrqHandlerGenerated=true
RCC.PLLCLKFreq_Value=64000000
CAN.RFLM=DISABLE
ProjectManager.functionlistsort=1-MX_GPIO_Init-GPIO-false-HAL-true,2-SystemClock_Config-RCC-false-HAL-false,3-MX_SPI1_Init-SPI1-false-HAL-true,4-MX_CAN_Init-CAN-false-HAL-true
PC0.GPIOParameters=GPIO_Label
PC2.Signal=GPIO_Output
PA11.GPIOParameters=GPIO_PuPd
PC0.GPIO_Label=LED0
PA11.Mode=CAN_Activate
PC3.Locked=true
RCC.ADCFreqValue=32000000
ProjectManager.DefaultFWLocation=true
SPI1.CLKPhase=SPI_PHASE_2EDGE
PA11.GPIO_PuPd=GPIO_PULLUP
ProjectManager.DeletePrevious=true
PC0.Signal=GPIO_Output
RCC.APB1CLKDivider=RCC_HCLK_DIV2
PC1.Locked=true
CAN.CalculateTimeBit=2250.00
PinOutPanel.RotationAngle=0
RCC.FamilyName=M
RCC.SYSCLKSource=RCC_SYSCLKSOURCE_PLLCLK
ProjectManager.StackSize=0x400
PB9.GPIOParameters=GPIO_Label
PC3.GPIOParameters=GPIO_Label
PA13.Signal=SYS_JTMS-SWDIO
Mcu.IP4=SPI1
RCC.FCLKCortexFreq_Value=64000000
Mcu.IP5=SYS
VP_FREERTOS_VS_CMSIS_V1.Signal=FREERTOS_VS_CMSIS_V1
Mcu.IP2=NVIC
NVIC.SVCall_IRQn=true\:0\:0\:false\:false\:false\:false\:false\:false
Mcu.IP3=RCC
PB4.GPIOParameters=GPIO_PuPd
Mcu.IP0=CAN
Mcu.IP1=FREERTOS
PA12.Signal=CAN_TX
CAN.BS2=CAN_BS2_2TQ
CAN.BS1=CAN_BS1_6TQ
CAN.Prescaler=8
SPI1.CLKPolarity=SPI_POLARITY_HIGH
Mcu.UserConstants=
ProjectManager.TargetToolchain=STM32CubeIDE
PC1.GPIOParameters=GPIO_Label
Mcu.ThirdPartyNb=0
SPI1.Direction=SPI_DIRECTION_2LINES
RCC.HCLKFreq_Value=64000000
Mcu.IPNb=6
ProjectManager.PreviousToolchain=
RCC.APB2TimFreq_Value=64000000
PB5.Locked=true
PB9.Locked=true
SPI1.CalculateBaudRate=2.0 MBits/s
PC3.Signal=GPIO_Output
Mcu.Pin6=PA13
PC2.Locked=true
Mcu.Pin7=PA14
PB4.GPIO_PuPd=GPIO_PULLUP
ProjectManager.RegisterCallBack=
Mcu.Pin8=PB3
RCC.USBFreq_Value=64000000
Mcu.Pin9=PB4
FREERTOS.IPParameters=Tasks01
RCC.AHBFreq_Value=64000000
Mcu.Pin0=PC0
Mcu.Pin1=PC1
GPIO.groupedBy=Group By Peripherals
Mcu.Pin2=PC2
Mcu.Pin3=PC3
Mcu.Pin4=PA11
Mcu.Pin5=PA12
ProjectManager.ProjectBuild=false
NVIC.UsageFault_IRQn=true\:0\:0\:false\:false\:true\:false\:false\:false
NVIC.DebugMonitor_IRQn=true\:0\:0\:false\:false\:true\:false\:false\:false
PB3.Mode=Full_Duplex_Master
board=custom
NVIC.SysTick_IRQn=true\:15\:0\:false\:false\:false\:true\:false\:true
ProjectManager.LastFirmware=true
RCC.PLLMUL=RCC_PLL_MUL16
ProjectManager.FirmwarePackage=STM32Cube FW_F1 V1.8.3
MxDb.Version=DB.6.0.21
VP_SYS_VS_tim4.Signal=SYS_VS_tim4
NVIC.SavedSystickIrqHandlerGenerated=true
RCC.APB2Freq_Value=64000000
PB4.Mode=Full_Duplex_Master
ProjectManager.BackupPrevious=false
MxCube.Version=6.2.1
SPI1.Mode=SPI_MODE_MASTER
PA14.Mode=Serial_Wire
PC2.GPIOParameters=GPIO_Label
NVIC.USB_LP_CAN1_RX0_IRQn=true\:5\:0\:false\:false\:true\:true\:true\:true
PB5.Mode=Full_Duplex_Master
CAN.NART=ENABLE
File.Version=6
PC1.GPIO_Label=LED1
NVIC.NonMaskableInt_IRQn=true\:0\:0\:false\:false\:true\:false\:false\:false
CAN.IPParameters=CalculateTimeQuantum,CalculateTimeBit,CalculateBaudRate,BS1,BS2,Prescaler,NART,TXFP,RFLM
NVIC.PendSV_IRQn=true\:15\:0\:false\:false\:false\:true\:false\:false
VP_FREERTOS_VS_CMSIS_V1.Mode=CMSIS_V1
PA13.Mode=Serial_Wire
ProjectManager.FreePins=false
RCC.IPParameters=ADCFreqValue,AHBFreq_Value,APB1CLKDivider,APB1Freq_Value,APB1TimFreq_Value,APB2Freq_Value,APB2TimFreq_Value,FCLKCortexFreq_Value,FamilyName,HCLKFreq_Value,MCOFreq_Value,PLLCLKFreq_Value,PLLMCOFreq_Value,PLLMUL,SYSCLKFreq_VALUE,SYSCLKSource,TimSysFreq_Value,USBFreq_Value
ProjectManager.AskForMigrate=true
Mcu.Name=STM32F103R(8-B)Tx
CAN.CalculateTimeQuantum=250.0
ProjectManager.HalAssertFull=false
NVIC.SavedPendsvIrqHandlerGenerated=true
ProjectManager.ProjectName=mOhmMeter
ProjectManager.UnderRoot=true
RCC.PLLMCOFreq_Value=32000000
ProjectManager.CoupleFile=true
PB4.Locked=true
PB3.Signal=SPI1_SCK
RCC.SYSCLKFreq_VALUE=64000000
Mcu.Package=LQFP64
PB5.Signal=SPI1_MOSI
PB9.Signal=GPIO_Output
RCC.TimSysFreq_Value=64000000
NVIC.TimeBase=TIM4_IRQn
PA12.Mode=CAN_Activate
NVIC.ForceEnableDMAVector=true
KeepUserPlacement=false
NVIC.MemoryManagement_IRQn=true\:0\:0\:false\:false\:true\:false\:false\:false
ProjectManager.CompilerOptimize=6
ProjectManager.ToolChainLocation=
PA11.Signal=CAN_RX
NVIC.TimeBaseIP=TIM4
PA14.Signal=SYS_JTCK-SWCLK
ProjectManager.HeapSize=0x200
NVIC.HardFault_IRQn=true\:0\:0\:false\:false\:true\:false\:false\:false
Mcu.Pin13=VP_SYS_VS_tim4
VP_SYS_VS_tim4.Mode=TIM4
ProjectManager.ComputerToolchain=false
NVIC.PriorityGroup=NVIC_PRIORITYGROUP_4
Mcu.Pin11=PB9
Mcu.Pin12=VP_FREERTOS_VS_CMSIS_V1
Mcu.Pin10=PB5
CAN.TXFP=ENABLE
RCC.APB1TimFreq_Value=64000000
PC3.GPIO_Label=LED3
NVIC.BusFault_IRQn=true\:0\:0\:false\:false\:true\:false\:false\:false
NVIC.TIM4_IRQn=true\:0\:0\:false\:false\:true\:false\:false\:true
RCC.APB1Freq_Value=32000000
SPI1.BaudRatePrescaler=SPI_BAUDRATEPRESCALER_32
PC2.GPIO_Label=LED2
ProjectManager.CustomerFirmwarePackage=
PC0.Locked=true
ProjectManager.DeviceId=STM32F103R8Tx
PC1.Signal=GPIO_Output
ProjectManager.LibraryCopy=1
PB4.Signal=SPI1_MISO
PB3.Locked=true
isbadioc=false
